schema: '2.0'
stages:
  load_data:
    cmd: python -m src.data_loading.load_data
    deps:
    - path: src/data_loading/load_data.py
      hash: md5
      md5: 30cdbcbfbb0bd857b919f9478171c6c0
      size: 1484
    outs:
    - path: data/raw/raw.csv
      hash: md5
      md5: 8c08baa004e389a70ccd13b8e1828431
      size: 116187
  preprocess_data:
    cmd: python -m src.data_preprocessing.preprocess_data
    deps:
    - path: data/raw/raw.csv
      hash: md5
      md5: 8c08baa004e389a70ccd13b8e1828431
      size: 116187
    - path: src/data_preprocessing/preprocess_data.py
      hash: md5
      md5: 727f22f9650a9dfb2b1a217912d46034
      size: 3993
    params:
      params.yaml:
        preprocess_data.random_seed: 42
        preprocess_data.test_size: 0.25
    outs:
    - path: artifacts/[features]_mean_imputer.joblib
      hash: md5
      md5: 2a62fd2e2cc98aebb23a074e3d335f1d
      size: 1511
    - path: data/preprocessed/test_preprocessed.csv
      hash: md5
      md5: 5c373166e9a9e52e20aef957845c64d1
      size: 33501
    - path: data/preprocessed/train_preprocessed.csv
      hash: md5
      md5: 694072de6f0eccf7da7de2149e1ccd4d
      size: 98729
  engineer_features:
    cmd: python -m src.feature_engineering.engineer_features
    deps:
    - path: data/preprocessed/test_preprocessed.csv
      hash: md5
      md5: 5c373166e9a9e52e20aef957845c64d1
      size: 33501
    - path: data/preprocessed/train_preprocessed.csv
      hash: md5
      md5: 694072de6f0eccf7da7de2149e1ccd4d
      size: 98729
    - path: src/feature_engineering/engineer_features.py
      hash: md5
      md5: f8446b81a185b5c5d4b06fd60a3b9b9f
      size: 3052
    outs:
    - path: artifacts/[features]_scaler.joblib
      hash: md5
      md5: b6f15be40159719868d0eaadbf63f693
      size: 2135
    - path: data/processed/test_processed.csv
      hash: md5
      md5: 6d50ab1b2def9c5b3e65c2e485fabc24
      size: 85337
    - path: data/processed/train_processed.csv
      hash: md5
      md5: 257f9edf65af508e38588f6510fe00d7
      size: 253629
  train:
    cmd: python -m src.model_training.train_model
    deps:
    - path: data/processed/train_processed.csv
      hash: md5
      md5: 257f9edf65af508e38588f6510fe00d7
      size: 253629
    - path: src/model_training/train_model.py
      hash: md5
      md5: 16882d4d228f2794f649f09e0a9c36fc
      size: 5302
    params:
      params.yaml:
        train.batch_size: 32
        train.dropout_rate: 0.3
        train.epochs: 100
        train.hidden_layer_1_neurons: 64
        train.hidden_layer_2_neurons: 32
        train.learning_rate: 0.001
    outs:
    - path: artifacts/[target]_one_hot_encoder.joblib
      hash: md5
      md5: 9c68e41a114fdb0985121e8d89f055bc
      size: 617
    - path: metrics/training.json
      hash: md5
      md5: 177372971a788cf064e5a5ca4529da84
      size: 139
    - path: models/model.keras
      hash: md5
      md5: 8406acc7c0512368d00cb43845da159f
      size: 79540
  evaluate:
    cmd: python -m src.model_evaluation.evaluate_model
    deps:
    - path: artifacts/[target]_one_hot_encoder.joblib
      hash: md5
      md5: 9c68e41a114fdb0985121e8d89f055bc
      size: 617
    - path: data/processed/test_processed.csv
      hash: md5
      md5: 6d50ab1b2def9c5b3e65c2e485fabc24
      size: 85337
    - path: models/model.keras
      hash: md5
      md5: 8406acc7c0512368d00cb43845da159f
      size: 79540
    - path: src/model_evaluation/evaluate_model.py
      hash: md5
      md5: 1300021eeca5193c758efb74cfff4814
      size: 2514
    outs:
    - path: metrics/evaluation.json
      hash: md5
      md5: e50015af931aa69646e93d4804b80a74
      size: 787
