schema: '2.0'
stages:
  load_data:
    cmd: python -m src.data_loading.load_data
    deps:
    - path: src/data_loading/load_data.py
      hash: md5
      md5: 30cdbcbfbb0bd857b919f9478171c6c0
      size: 1484
    outs:
    - path: data/raw/raw.csv
      hash: md5
      md5: a23c9b68fab0bdccd9932e2bf33fb41a
      size: 116187
  preprocess_data:
    cmd: python -m src.data_preprocessing.preprocess_data
    deps:
    - path: data/raw/raw.csv
      hash: md5
      md5: a23c9b68fab0bdccd9932e2bf33fb41a
      size: 116187
    - path: src/data_preprocessing/preprocess_data.py
      hash: md5
      md5: 727f22f9650a9dfb2b1a217912d46034
      size: 3993
    params:
      params.yaml:
        preprocess_data.random_seed: 42
        preprocess_data.test_size: 0.25
    outs:
    - path: artifacts/[features]_mean_imputer.joblib
      hash: md5
      md5: 85574fd954202fa4e1ac3f4c55491d53
      size: 1511
    - path: data/preprocessed/test_preprocessed.csv
      hash: md5
      md5: 7a79ee60c0422cdfeb2d6af251c83687
      size: 33419
    - path: data/preprocessed/train_preprocessed.csv
      hash: md5
      md5: c84f99d77eb81fce4e6af1b7e200f1a3
      size: 98836
  engineer_features:
    cmd: python -m src.feature_engineering.engineer_features
    deps:
    - path: data/preprocessed/test_preprocessed.csv
      hash: md5
      md5: 7a79ee60c0422cdfeb2d6af251c83687
      size: 33419
    - path: data/preprocessed/train_preprocessed.csv
      hash: md5
      md5: c84f99d77eb81fce4e6af1b7e200f1a3
      size: 98836
    - path: src/feature_engineering/engineer_features.py
      hash: md5
      md5: f8446b81a185b5c5d4b06fd60a3b9b9f
      size: 3052
    outs:
    - path: artifacts/[features]_scaler.joblib
      hash: md5
      md5: 0ab6afadf350a0ee2e0a51af7bfc001d
      size: 2135
    - path: data/processed/test_processed.csv
      hash: md5
      md5: 1470d6d739a18f4b2cea8d03fcbdb6ef
      size: 84835
    - path: data/processed/train_processed.csv
      hash: md5
      md5: f3baefcd876db31e25d9dc2c23d8bc5a
      size: 252627
  train:
    cmd: python -m src.model_training.train_model
    deps:
    - path: data/processed/train_processed.csv
      hash: md5
      md5: f3baefcd876db31e25d9dc2c23d8bc5a
      size: 252627
    - path: src/model_training/train_model.py
      hash: md5
      md5: 54426deb0cccf23bcad25f1840e2f691
      size: 6861
    params:
      params.yaml:
        train.batch_size: 32
        train.dropout_rate: 0.25
        train.epochs: 100
        train.hidden_layer_1_neurons: 64
        train.hidden_layer_2_neurons: 32
        train.learning_rate: 0.001
        train.random_seed: 42
    outs:
    - path: artifacts/[target]_one_hot_encoder.joblib
      hash: md5
      md5: 9c68e41a114fdb0985121e8d89f055bc
      size: 617
    - path: metrics/mlflow_run.json
      hash: md5
      md5: ee1c4945cb3c3d139d550a8753f0cfb7
      size: 50
    - path: metrics/training.json
      hash: md5
      md5: 7ec5aa8c7bc2169a0e376babd99edd9e
      size: 140
    - path: models/model.keras
      hash: md5
      md5: 4ea962195b4031c5f48fb5000d23b4c9
      size: 79542
  evaluate:
    cmd: python -m src.model_evaluation.evaluate_model
    deps:
    - path: artifacts/[target]_one_hot_encoder.joblib
      hash: md5
      md5: 9c68e41a114fdb0985121e8d89f055bc
      size: 617
    - path: data/processed/test_processed.csv
      hash: md5
      md5: 1470d6d739a18f4b2cea8d03fcbdb6ef
      size: 84835
    - path: metrics/mlflow_run.json
      hash: md5
      md5: ee1c4945cb3c3d139d550a8753f0cfb7
      size: 50
    - path: models/model.keras
      hash: md5
      md5: 4ea962195b4031c5f48fb5000d23b4c9
      size: 79542
    - path: src/model_evaluation/evaluate_model.py
      hash: md5
      md5: e05688a7a72373e859cc7be5835ba75c
      size: 3441
    outs:
    - path: metrics/evaluation.json
      hash: md5
      md5: 02fb22310091629a90add24b75616414
      size: 760
